
Microsoft Visual Studio Solution File, Format Version 12.00
# Visual Studio Version 17
VisualStudioVersion = 17.14.36705.20 d17.14
MinimumVisualStudioVersion = 10.0.40219.1
Project("{FAE04EC0-301F-11D3-BF4B-00C04F79EFBC}") = "VisualizeOOP", "VisualizeOOP\VisualizeOOP.csproj", "{9FDC82FC-629D-465F-9869-0A9043796C32}"
EndProject
Global
	GlobalSection(SolutionConfigurationPlatforms) = preSolution
		Debug|Any CPU = Debug|Any CPU
		Release|Any CPU = Release|Any CPU
	EndGlobalSection
	GlobalSection(ProjectConfigurationPlatforms) = postSolution
		{9FDC82FC-629D-465F-9869-0A9043796C32}.Debug|Any CPU.ActiveCfg = Debug|Any CPU
		{9FDC82FC-629D-465F-9869-0A9043796C32}.Debug|Any CPU.Build.0 = Debug|Any CPU
		{9FDC82FC-629D-465F-9869-0A9043796C32}.Release|Any CPU.ActiveCfg = Release|Any CPU
		{9FDC82FC-629D-465F-9869-0A9043796C32}.Release|Any CPU.Build.0 = Release|Any CPU
	EndGlobalSection
	GlobalSection(SolutionProperties) = preSolution
		HideSolutionNode = FALSE
	EndGlobalSection
	GlobalSection(ExtensibilityGlobals) = postSolution
		SolutionGuid = {6517448E-1468-433E-87D0-772CC1E7A00D}
	EndGlobalSection
EndGlobal
